
Microsoft Visual Studio Solution File, Format Version 12.00
# Visual Studio Version 17
VisualStudioVersion = 17.2.32526.322
MinimumVisualStudioVersion = 10.0.40219.1
Project("{FAE04EC0-301F-11D3-BF4B-00C04F79EFBC}") = "Ejemplotxtbox", "Ejemplotxtbox\Ejemplotxtbox.csproj", "{EFE2F086-BA89-4D9E-8BB1-AFE42A91A09E}"
EndProject
Global
	GlobalSection(SolutionConfigurationPlatforms) = preSolution
		Debug|Any CPU = Debug|Any CPU
		Release|Any CPU = Release|Any CPU
	EndGlobalSection
	GlobalSection(ProjectConfigurationPlatforms) = postSolution
		{EFE2F086-BA89-4D9E-8BB1-AFE42A91A09E}.Debug|Any CPU.ActiveCfg = Debug|Any CPU
		{EFE2F086-BA89-4D9E-8BB1-AFE42A91A09E}.Debug|Any CPU.Build.0 = Debug|Any CPU
		{EFE2F086-BA89-4D9E-8BB1-AFE42A91A09E}.Release|Any CPU.ActiveCfg = Release|Any CPU
		{EFE2F086-BA89-4D9E-8BB1-AFE42A91A09E}.Release|Any CPU.Build.0 = Release|Any CPU
	EndGlobalSection
	GlobalSection(SolutionProperties) = preSolution
		HideSolutionNode = FALSE
	EndGlobalSection
	GlobalSection(ExtensibilityGlobals) = postSolution
		SolutionGuid = {8C642BED-9C79-4F65-80EF-8E457A180648}
	EndGlobalSection
EndGlobal
